{
  "name": "@yahvz01/webutil",
  "version": "0.0.1",
  "lockfileVersion": 3,
  "requires": true,
  "packages": {
    "": {
      "name": "@yahvz01/webutil",
      "version": "0.0.1",
      "license": "ISC",
      "dependencies": {
        "@yahvz01/monad": "^0.1.8",
        "@yahvz01/utilcollection": "^0.0.1"
      }
    },
    "node_modules/@yahvz01/monad": {
      "version": "0.1.8",
      "resolved": "https://registry.npmjs.org/@yahvz01/monad/-/monad-0.1.8.tgz",
      "integrity": "sha512-uhjoB+vMlcg8Hdz5ThZwTJFO5B69LmiIyMOkC8NFaMyZEwvj/CtLlT0Bc05+Tx6yKcNMNIMT388sElJEx/NsGw=="
    },
    "node_modules/@yahvz01/utilcollection": {
      "version": "0.0.1",
      "resolved": "https://registry.npmjs.org/@yahvz01/utilcollection/-/utilcollection-0.0.1.tgz",
      "integrity": "sha512-XhuoC1c137RMmLXmXlGYMYKU2bCZvoLWmsjlgNrr1ibz/8wIEZZD6xO+U7h3+buHZj5DCd+dDpg4hxZUWuGPNQ==",
      "dependencies": {
        "@yahvz01/monad": "^0.1.6"
      }
    }
  }
}
